dependencies:
- name: postgresql
  repository: https://charts.bitnami.com/bitnami
  version: 12.1.2
- name: redis
  repository: https://charts.bitnami.com/bitnami
  version: 17.3.11
- name: rabbitmq
  repository: https://charts.bitnami.com/bitnami
  version: 11.9.1
- name: mongodb
  repository: https://charts.bitnami.com/bitnami
  version: 13.4.4
- name: gateway-ui
  repository: https://raw.githubusercontent.com/ConductionNL/gateway-ui/refinement-demo-branch/helm/
  version: 0.1.0
digest: sha256:f0a0e6aa995bc126553e72e395c7516b2af3c7a5b814b10dd546db0dd9b03a54
generated: "2023-02-17T13:44:56.2454877+01:00"
