dependencies:
- name: postgresql
  repository: https://charts.bitnami.com/bitnami
  version: 12.1.2
- name: redis
  repository: https://charts.bitnami.com/bitnami
  version: 17.3.11
- name: rabbitmq
  repository: https://charts.bitnami.com/bitnami
  version: 9.0.1
- name: mongodb
  repository: https://charts.bitnami.com/bitnami
  version: 13.4.4
digest: sha256:8e66adc76879f1ec10a3d96b869d28f8cf34274e3fe602df2fc4553e2f611d59
generated: "2022-11-30T09:43:43.423630559+01:00"
