dependencies:
- name: postgresql
  repository: https://charts.bitnami.com/bitnami
  version: 10.9.5
- name: redis
  repository: https://charts.bitnami.com/bitnami
  version: 15.3.2
- name: rabbitmq
  repository: https://charts.bitnami.com/bitnami
  version: 9.0.1
digest: sha256:3c3b08f87c18c5c3942ff96850f61b1537dcbb8656ec822be1184a9425e85406
generated: "2022-05-05T15:45:36.9303391+02:00"
